// !$*UTF8*$!
{
	archiveVersion = 1;
	classes = {
	};
	objectVersion = 46;
	objects = {

/* Begin PBXBuildFile section */
		EFA436532CFE4B0D2E7C9304 /* Pods_Pokedex3.framework in Frameworks */ = {isa = PBXBuildFile; fileRef = 4DDCE493C510EAC3258268A1 /* Pods_Pokedex3.framework */; };
		F22C07FA1E803DF900A2FEEF /* csv.swift in Sources */ = {isa = PBXBuildFile; fileRef = F22C07F91E803DF900A2FEEF /* csv.swift */; };
		F22C07FC1E80887700A2FEEF /* Pokemon Solid.ttf in Resources */ = {isa = PBXBuildFile; fileRef = F22C07FB1E80887700A2FEEF /* Pokemon Solid.ttf */; };
		F22C08021E808C1900A2FEEF /* music.mp3 in Resources */ = {isa = PBXBuildFile; fileRef = F22C08001E808C1900A2FEEF /* music.mp3 */; };
		F22C08031E808C1900A2FEEF /* music.png in Resources */ = {isa = PBXBuildFile; fileRef = F22C08011E808C1900A2FEEF /* music.png */; };
		F286EBC21E7F82210015D5CD /* PokeCell.swift in Sources */ = {isa = PBXBuildFile; fileRef = F286EBC11E7F82210015D5CD /* PokeCell.swift */; };
		F28DC12F1E8228EC00558255 /* PokemonDetailVC.swift in Sources */ = {isa = PBXBuildFile; fileRef = F28DC12E1E8228EC00558255 /* PokemonDetailVC.swift */; };
		F296842D1E9D89A2003B77B1 /* Constants.swift in Sources */ = {isa = PBXBuildFile; fileRef = F296842C1E9D89A2003B77B1 /* Constants.swift */; };
		F2F9C0A61E59078E0044810C /* AppDelegate.swift in Sources */ = {isa = PBXBuildFile; fileRef = F2F9C0A51E59078E0044810C /* AppDelegate.swift */; };
		F2F9C0A81E59078E0044810C /* ViewController.swift in Sources */ = {isa = PBXBuildFile; fileRef = F2F9C0A71E59078E0044810C /* ViewController.swift */; };
		F2F9C0AB1E59078E0044810C /* Main.storyboard in Resources */ = {isa = PBXBuildFile; fileRef = F2F9C0A91E59078E0044810C /* Main.storyboard */; };
		F2F9C0AD1E59078E0044810C /* Assets.xcassets in Resources */ = {isa = PBXBuildFile; fileRef = F2F9C0AC1E59078E0044810C /* Assets.xcassets */; };
		F2F9C0B01E59078E0044810C /* LaunchScreen.storyboard in Resources */ = {isa = PBXBuildFile; fileRef = F2F9C0AE1E59078E0044810C /* LaunchScreen.storyboard */; };
		F2F9C0B81E5B44180044810C /* pokemon.csv in Resources */ = {isa = PBXBuildFile; fileRef = F2F9C0B71E5B44180044810C /* pokemon.csv */; };
		F2F9C0BA1E5B45410044810C /* Pokemon.swift in Sources */ = {isa = PBXBuildFile; fileRef = F2F9C0B91E5B45410044810C /* Pokemon.swift */; };
/* End PBXBuildFile section */

/* Begin PBXFileReference section */
		116553BD15512DE494D0ACF1 /* Pods-Pokedex3.debug.xcconfig */ = {isa = PBXFileReference; includeInIndex = 1; lastKnownFileType = text.xcconfig; name = "Pods-Pokedex3.debug.xcconfig"; path = "Pods/Target Support Files/Pods-Pokedex3/Pods-Pokedex3.debug.xcconfig"; sourceTree = "<group>"; };
		4DDCE493C510EAC3258268A1 /* Pods_Pokedex3.framework */ = {isa = PBXFileReference; explicitFileType = wrapper.framework; includeInIndex = 0; path = Pods_Pokedex3.framework; sourceTree = BUILT_PRODUCTS_DIR; };
		81197F04B96AC80067BE62C4 /* Pods-Pokedex3.release.xcconfig */ = {isa = PBXFileReference; includeInIndex = 1; lastKnownFileType = text.xcconfig; name = "Pods-Pokedex3.release.xcconfig"; path = "Pods/Target Support Files/Pods-Pokedex3/Pods-Pokedex3.release.xcconfig"; sourceTree = "<group>"; };
		F22C07F91E803DF900A2FEEF /* csv.swift */ = {isa = PBXFileReference; fileEncoding = 4; lastKnownFileType = sourcecode.swift; path = csv.swift; sourceTree = "<group>"; };
		F22C07FB1E80887700A2FEEF /* Pokemon Solid.ttf */ = {isa = PBXFileReference; lastKnownFileType = file; path = "Pokemon Solid.ttf"; sourceTree = "<group>"; };
		F22C08001E808C1900A2FEEF /* music.mp3 */ = {isa = PBXFileReference; lastKnownFileType = audio.mp3; path = music.mp3; sourceTree = "<group>"; };
		F22C08011E808C1900A2FEEF /* music.png */ = {isa = PBXFileReference; lastKnownFileType = image.png; path = music.png; sourceTree = "<group>"; };
		F286EBC11E7F82210015D5CD /* PokeCell.swift */ = {isa = PBXFileReference; fileEncoding = 4; lastKnownFileType = sourcecode.swift; path = PokeCell.swift; sourceTree = "<group>"; };
		F28DC12E1E8228EC00558255 /* PokemonDetailVC.swift */ = {isa = PBXFileReference; fileEncoding = 4; lastKnownFileType = sourcecode.swift; path = PokemonDetailVC.swift; sourceTree = "<group>"; };
		F296842C1E9D89A2003B77B1 /* Constants.swift */ = {isa = PBXFileReference; fileEncoding = 4; lastKnownFileType = sourcecode.swift; path = Constants.swift; sourceTree = "<group>"; };
		F2F9C0A21E59078E0044810C /* Pokedex3.app */ = {isa = PBXFileReference; explicitFileType = wrapper.application; includeInIndex = 0; path = Pokedex3.app; sourceTree = BUILT_PRODUCTS_DIR; };
		F2F9C0A51E59078E0044810C /* AppDelegate.swift */ = {isa = PBXFileReference; lastKnownFileType = sourcecode.swift; path = AppDelegate.swift; sourceTree = "<group>"; };
		F2F9C0A71E59078E0044810C /* ViewController.swift */ = {isa = PBXFileReference; lastKnownFileType = sourcecode.swift; path = ViewController.swift; sourceTree = "<group>"; };
		F2F9C0AA1E59078E0044810C /* Base */ = {isa = PBXFileReference; lastKnownFileType = file.storyboard; name = Base; path = Base.lproj/Main.storyboard; sourceTree = "<group>"; };
		F2F9C0AC1E59078E0044810C /* Assets.xcassets */ = {isa = PBXFileReference; lastKnownFileType = folder.assetcatalog; path = Assets.xcassets; sourceTree = "<group>"; };
		F2F9C0AF1E59078E0044810C /* Base */ = {isa = PBXFileReference; lastKnownFileType = file.storyboard; name = Base; path = Base.lproj/LaunchScreen.storyboard; sourceTree = "<group>"; };
		F2F9C0B11E59078E0044810C /* Info.plist */ = {isa = PBXFileReference; lastKnownFileType = text.plist.xml; path = Info.plist; sourceTree = "<group>"; };
		F2F9C0B71E5B44180044810C /* pokemon.csv */ = {isa = PBXFileReference; fileEncoding = 4; lastKnownFileType = text; path = pokemon.csv; sourceTree = "<group>"; };
		F2F9C0B91E5B45410044810C /* Pokemon.swift */ = {isa = PBXFileReference; fileEncoding = 4; lastKnownFileType = sourcecode.swift; path = Pokemon.swift; sourceTree = "<group>"; };
/* End PBXFileReference section */

/* Begin PBXFrameworksBuildPhase section */
		F2F9C09F1E59078D0044810C /* Frameworks */ = {
			isa = PBXFrameworksBuildPhase;
			buildActionMask = 2147483647;
			files = (
				EFA436532CFE4B0D2E7C9304 /* Pods_Pokedex3.framework in Frameworks */,
			);
			runOnlyForDeploymentPostprocessing = 0;
		};
/* End PBXFrameworksBuildPhase section */

/* Begin PBXGroup section */
		0D313262DC7F21EFF8F08816 /* Frameworks */ = {
			isa = PBXGroup;
			children = (
				4DDCE493C510EAC3258268A1 /* Pods_Pokedex3.framework */,
			);
			name = Frameworks;
			sourceTree = "<group>";
		};
		81ABCCD83E5527A11148A70C /* Pods */ = {
			isa = PBXGroup;
			children = (
				116553BD15512DE494D0ACF1 /* Pods-Pokedex3.debug.xcconfig */,
				81197F04B96AC80067BE62C4 /* Pods-Pokedex3.release.xcconfig */,
			);
			name = Pods;
			sourceTree = "<group>";
		};
		F22C07FD1E80888100A2FEEF /* Resources */ = {
			isa = PBXGroup;
			children = (
				F22C07FB1E80887700A2FEEF /* Pokemon Solid.ttf */,
				F2F9C0B71E5B44180044810C /* pokemon.csv */,
				F22C08001E808C1900A2FEEF /* music.mp3 */,
				F22C08011E808C1900A2FEEF /* music.png */,
			);
			name = Resources;
			sourceTree = "<group>";
		};
		F22C07FE1E8088A300A2FEEF /* Util */ = {
			isa = PBXGroup;
			children = (
				F22C07F91E803DF900A2FEEF /* csv.swift */,
			);
			name = Util;
			sourceTree = "<group>";
		};
		F22C07FF1E8088AC00A2FEEF /* Controller */ = {
			isa = PBXGroup;
			children = (
				F2F9C0A71E59078E0044810C /* ViewController.swift */,
				F28DC12E1E8228EC00558255 /* PokemonDetailVC.swift */,
			);
			name = Controller;
			sourceTree = "<group>";
		};
		F286EBBF1E7F81D70015D5CD /* Model */ = {
			isa = PBXGroup;
			children = (
				F2F9C0B91E5B45410044810C /* Pokemon.swift */,
			);
			name = Model;
			sourceTree = "<group>";
		};
		F286EBC01E7F81E20015D5CD /* View */ = {
			isa = PBXGroup;
			children = (
				F286EBC11E7F82210015D5CD /* PokeCell.swift */,
			);
			name = View;
			sourceTree = "<group>";
		};
		F2F9C0991E59078D0044810C = {
			isa = PBXGroup;
			children = (
				F2F9C0A41E59078E0044810C /* Pokedex3 */,
				F2F9C0A31E59078E0044810C /* Products */,
				81ABCCD83E5527A11148A70C /* Pods */,
				0D313262DC7F21EFF8F08816 /* Frameworks */,
			);
			sourceTree = "<group>";
		};
		F2F9C0A31E59078E0044810C /* Products */ = {
			isa = PBXGroup;
			children = (
				F2F9C0A21E59078E0044810C /* Pokedex3.app */,
			);
			name = Products;
			sourceTree = "<group>";
		};
		F2F9C0A41E59078E0044810C /* Pokedex3 */ = {
			isa = PBXGroup;
			children = (
				F22C07FF1E8088AC00A2FEEF /* Controller */,
				F22C07FE1E8088A300A2FEEF /* Util */,
				F22C07FD1E80888100A2FEEF /* Resources */,
				F286EBC01E7F81E20015D5CD /* View */,
				F286EBBF1E7F81D70015D5CD /* Model */,
				F2F9C0A51E59078E0044810C /* AppDelegate.swift */,
				F2F9C0A91E59078E0044810C /* Main.storyboard */,
				F2F9C0AC1E59078E0044810C /* Assets.xcassets */,
				F2F9C0AE1E59078E0044810C /* LaunchScreen.storyboard */,
				F2F9C0B11E59078E0044810C /* Info.plist */,
				F296842C1E9D89A2003B77B1 /* Constants.swift */,
			);
			path = Pokedex3;
			sourceTree = "<group>";
		};
/* End PBXGroup section */

/* Begin PBXNativeTarget section */
		F2F9C0A11E59078D0044810C /* Pokedex3 */ = {
			isa = PBXNativeTarget;
			buildConfigurationList = F2F9C0B41E59078E0044810C /* Build configuration list for PBXNativeTarget "Pokedex3" */;
			buildPhases = (
				588CF20EA5D6ADABAAAC6EB1 /* [CP] Check Pods Manifest.lock */,
				F2F9C09E1E59078D0044810C /* Sources */,
				F2F9C09F1E59078D0044810C /* Frameworks */,
				F2F9C0A01E59078D0044810C /* Resources */,
				58A3B7635E5D1076D602949D /* [CP] Embed Pods Frameworks */,
				70AF805D08A7DD5A5A71364C /* [CP] Copy Pods Resources */,
			);
			buildRules = (
			);
			dependencies = (
			);
			name = Pokedex3;
			productName = Pokedex3;
			productReference = F2F9C0A21E59078E0044810C /* Pokedex3.app */;
			productType = "com.apple.product-type.application";
		};
/* End PBXNativeTarget section */

/* Begin PBXProject section */
		F2F9C09A1E59078D0044810C /* Project object */ = {
			isa = PBXProject;
			attributes = {
				LastSwiftUpdateCheck = 0820;
				LastUpgradeCheck = 0820;
				ORGANIZATIONNAME = "Serhii Pianykh";
				TargetAttributes = {
					F2F9C0A11E59078D0044810C = {
						CreatedOnToolsVersion = 8.2.1;
						DevelopmentTeam = 2BULHRS882;
						LastSwiftMigration = 0820;
						ProvisioningStyle = Automatic;
					};
				};
			};
			buildConfigurationList = F2F9C09D1E59078D0044810C /* Build configuration list for PBXProject "Pokedex3" */;
			compatibilityVersion = "Xcode 3.2";
			developmentRegion = English;
			hasScannedForEncodings = 0;
			knownRegions = (
				en,
				Base,
			);
			mainGroup = F2F9C0991E59078D0044810C;
			productRefGroup = F2F9C0A31E59078E0044810C /* Products */;
			projectDirPath = "";
			projectRoot = "";
			targets = (
				F2F9C0A11E59078D0044810C /* Pokedex3 */,
			);
		};
/* End PBXProject section */

/* Begin PBXResourcesBuildPhase section */
		F2F9C0A01E59078D0044810C /* Resources */ = {
			isa = PBXResourcesBuildPhase;
			buildActionMask = 2147483647;
			files = (
				F22C07FC1E80887700A2FEEF /* Pokemon Solid.ttf in Resources */,
				F22C08031E808C1900A2FEEF /* music.png in Resources */,
				F2F9C0B01E59078E0044810C /* LaunchScreen.storyboard in Resources */,
				F22C08021E808C1900A2FEEF /* music.mp3 in Resources */,
				F2F9C0AD1E59078E0044810C /* Assets.xcassets in Resources */,
				F2F9C0B81E5B44180044810C /* pokemon.csv in Resources */,
				F2F9C0AB1E59078E0044810C /* Main.storyboard in Resources */,
			);
			runOnlyForDeploymentPostprocessing = 0;
		};
/* End PBXResourcesBuildPhase section */

/* Begin PBXShellScriptBuildPhase section */
		588CF20EA5D6ADABAAAC6EB1 /* [CP] Check Pods Manifest.lock */ = {
			isa = PBXShellScriptBuildPhase;
			buildActionMask = 2147483647;
			files = (
			);
			inputPaths = (
			);
			name = "[CP] Check Pods Manifest.lock";
			outputPaths = (
			);
			runOnlyForDeploymentPostprocessing = 0;
			shellPath = /bin/sh;
			shellScript = "diff \"${PODS_ROOT}/../Podfile.lock\" \"${PODS_ROOT}/Manifest.lock\" > /dev/null\nif [ $? != 0 ] ; then\n    # print error to STDERR\n    echo \"error: The sandbox is not in sync with the Podfile.lock. Run 'pod install' or update your CocoaPods installation.\" >&2\n    exit 1\nfi\n";
			showEnvVarsInLog = 0;
		};
		58A3B7635E5D1076D602949D /* [CP] Embed Pods Frameworks */ = {
			isa = PBXShellScriptBuildPhase;
			buildActionMask = 2147483647;
			files = (
			);
			inputPaths = (
			);
			name = "[CP] Embed Pods Frameworks";
			outputPaths = (
			);
			runOnlyForDeploymentPostprocessing = 0;
			shellPath = /bin/sh;
			shellScript = "\"${SRCROOT}/Pods/Target Support Files/Pods-Pokedex3/Pods-Pokedex3-frameworks.sh\"\n";
			showEnvVarsInLog = 0;
		};
		70AF805D08A7DD5A5A71364C /* [CP] Copy Pods Resources */ = {
			isa = PBXShellScriptBuildPhase;
			buildActionMask = 2147483647;
			files = (
			);
			inputPaths = (
			);
			name = "[CP] Copy Pods Resources";
			outputPaths = (
			);
			runOnlyForDeploymentPostprocessing = 0;
			shellPath = /bin/sh;
			shellScript = "\"${SRCROOT}/Pods/Target Support Files/Pods-Pokedex3/Pods-Pokedex3-resources.sh\"\n";
			showEnvVarsInLog = 0;
		};
/* End PBXShellScriptBuildPhase section */

/* Begin PBXSourcesBuildPhase section */
		F2F9C09E1E59078D0044810C /* Sources */ = {
			isa = PBXSourcesBuildPhase;
			buildActionMask = 2147483647;
			files = (
				F286EBC21E7F82210015D5CD /* PokeCell.swift in Sources */,
				F2F9C0A81E59078E0044810C /* ViewController.swift in Sources */,
				F2F9C0A61E59078E0044810C /* AppDelegate.swift in Sources */,
				F28DC12F1E8228EC00558255 /* PokemonDetailVC.swift in Sources */,
				F296842D1E9D89A2003B77B1 /* Constants.swift in Sources */,
				F2F9C0BA1E5B45410044810C /* Pokemon.swift in Sources */,
				F22C07FA1E803DF900A2FEEF /* csv.swift in Sources */,
			);
			runOnlyForDeploymentPostprocessing = 0;
		};
/* End PBXSourcesBuildPhase section */

/* Begin PBXVariantGroup section */
		F2F9C0A91E59078E0044810C /* Main.storyboard */ = {
			isa = PBXVariantGroup;
			children = (
				F2F9C0AA1E59078E0044810C /* Base */,
			);
			name = Main.storyboard;
			sourceTree = "<group>";
		};
		F2F9C0AE1E59078E0044810C /* LaunchScreen.storyboard */ = {
			isa = PBXVariantGroup;
			children = (
				F2F9C0AF1E59078E0044810C /* Base */,
			);
			name = LaunchScreen.storyboard;
			sourceTree = "<group>";
		};
/* End PBXVariantGroup section */

/* Begin XCBuildConfiguration section */
		F2F9C0B21E59078E0044810C /* Debug */ = {
			isa = XCBuildConfiguration;
			buildSettings = {
				ALWAYS_SEARCH_USER_PATHS = NO;
				CLANG_ANALYZER_NONNULL = YES;
				CLANG_CXX_LANGUAGE_STANDARD = "gnu++0x";
				CLANG_CXX_LIBRARY = "libc++";
				CLANG_ENABLE_MODULES = YES;
				CLANG_ENABLE_OBJC_ARC = YES;
				CLANG_WARN_BOOL_CONVERSION = YES;
				CLANG_WARN_CONSTANT_CONVERSION = YES;
				CLANG_WARN_DIRECT_OBJC_ISA_USAGE = YES_ERROR;
				CLANG_WARN_DOCUMENTATION_COMMENTS = YES;
				CLANG_WARN_EMPTY_BODY = YES;
				CLANG_WARN_ENUM_CONVERSION = YES;
				CLANG_WARN_INFINITE_RECURSION = YES;
				CLANG_WARN_INT_CONVERSION = YES;
				CLANG_WARN_OBJC_ROOT_CLASS = YES_ERROR;
				CLANG_WARN_SUSPICIOUS_MOVE = YES;
				CLANG_WARN_UNREACHABLE_CODE = YES;
				CLANG_WARN__DUPLICATE_METHOD_MATCH = YES;
				"CODE_SIGN_IDENTITY[sdk=iphoneos*]" = "iPhone Developer";
				COPY_PHASE_STRIP = NO;
				DEBUG_INFORMATION_FORMAT = dwarf;
				ENABLE_STRICT_OBJC_MSGSEND = YES;
				ENABLE_TESTABILITY = YES;
				GCC_C_LANGUAGE_STANDARD = gnu99;
				GCC_DYNAMIC_NO_PIC = NO;
				GCC_NO_COMMON_BLOCKS = YES;
				GCC_OPTIMIZATION_LEVEL = 0;
				GCC_PREPROCESSOR_DEFINITIONS = (
					"DEBUG=1",
					"$(inherited)",
				);
				GCC_WARN_64_TO_32_BIT_CONVERSION = YES;
				GCC_WARN_ABOUT_RETURN_TYPE = YES_ERROR;
				GCC_WARN_UNDECLARED_SELECTOR = YES;
				GCC_WARN_UNINITIALIZED_AUTOS = YES_AGGRESSIVE;
				GCC_WARN_UNUSED_FUNCTION = YES;
				GCC_WARN_UNUSED_VARIABLE = YES;
				IPHONEOS_DEPLOYMENT_TARGET = 10.2;
				MTL_ENABLE_DEBUG_INFO = YES;
				ONLY_ACTIVE_ARCH = YES;
				SDKROOT = iphoneos;
				SWIFT_ACTIVE_COMPILATION_CONDITIONS = DEBUG;
				SWIFT_OPTIMIZATION_LEVEL = "-Onone";
			};
			name = Debug;
		};
		F2F9C0B31E59078E0044810C /* Release */ = {
			isa = XCBuildConfiguration;
			buildSettings = {
				ALWAYS_SEARCH_USER_PATHS = NO;
				CLANG_ANALYZER_NONNULL = YES;
				CLANG_CXX_LANGUAGE_STANDARD = "gnu++0x";
				CLANG_CXX_LIBRARY = "libc++";
				CLANG_ENABLE_MODULES = YES;
				CLANG_ENABLE_OBJC_ARC = YES;
				CLANG_WARN_BOOL_CONVERSION = YES;
				CLANG_WARN_CONSTANT_CONVERSION = YES;
				CLANG_WARN_DIRECT_OBJC_ISA_USAGE = YES_ERROR;
				CLANG_WARN_DOCUMENTATION_COMMENTS = YES;
				CLANG_WARN_EMPTY_BODY = YES;
				CLANG_WARN_ENUM_CONVERSION = YES;
				CLANG_WARN_INFINITE_RECURSION = YES;
				CLANG_WARN_INT_CONVERSION = YES;
				CLANG_WARN_OBJC_ROOT_CLASS = YES_ERROR;
				CLANG_WARN_SUSPICIOUS_MOVE = YES;
				CLANG_WARN_UNREACHABLE_CODE = YES;
				CLANG_WARN__DUPLICATE_METHOD_MATCH = YES;
				"CODE_SIGN_IDENTITY[sdk=iphoneos*]" = "iPhone Developer";
				COPY_PHASE_STRIP = NO;
				DEBUG_INFORMATION_FORMAT = "dwarf-with-dsym";
				ENABLE_NS_ASSERTIONS = NO;
				ENABLE_STRICT_OBJC_MSGSEND = YES;
				GCC_C_LANGUAGE_STANDARD = gnu99;
				GCC_NO_COMMON_BLOCKS = YES;
				GCC_WARN_64_TO_32_BIT_CONVERSION = YES;
				GCC_WARN_ABOUT_RETURN_TYPE = YES_ERROR;
				GCC_WARN_UNDECLARED_SELECTOR = YES;
				GCC_WARN_UNINITIALIZED_AUTOS = YES_AGGRESSIVE;
				GCC_WARN_UNUSED_FUNCTION = YES;
				GCC_WARN_UNUSED_VARIABLE = YES;
				IPHONEOS_DEPLOYMENT_TARGET = 10.2;
				MTL_ENABLE_DEBUG_INFO = NO;
				SDKROOT = iphoneos;
				SWIFT_OPTIMIZATION_LEVEL = "-Owholemodule";
				VALIDATE_PRODUCT = YES;
			};
			name = Release;
		};
		F2F9C0B51E59078E0044810C /* Debug */ = {
			isa = XCBuildConfiguration;
			baseConfigurationReference = 116553BD15512DE494D0ACF1 /* Pods-Pokedex3.debug.xcconfig */;
			buildSettings = {
				ASSETCATALOG_COMPILER_APPICON_NAME = AppIcon;
				DEVELOPMENT_TEAM = 2BULHRS882;
				INFOPLIST_FILE = Pokedex3/Info.plist;
				LD_RUNPATH_SEARCH_PATHS = "$(inherited) @executable_path/Frameworks";
				PRODUCT_BUNDLE_IDENTIFIER = serhii.pianykh.Pokedex3;
				PRODUCT_NAME = "$(TARGET_NAME)";
				SWIFT_VERSION = 3.0;
			};
			name = Debug;
		};
		F2F9C0B61E59078E0044810C /* Release */ = {
			isa = XCBuildConfiguration;
			baseConfigurationReference = 81197F04B96AC80067BE62C4 /* Pods-Pokedex3.release.xcconfig */;
			buildSettings = {
				ASSETCATALOG_COMPILER_APPICON_NAME = AppIcon;
				DEVELOPMENT_TEAM = 2BULHRS882;
				INFOPLIST_FILE = Pokedex3/Info.plist;
				LD_RUNPATH_SEARCH_PATHS = "$(inherited) @executable_path/Frameworks";
				PRODUCT_BUNDLE_IDENTIFIER = serhii.pianykh.Pokedex3;
				PRODUCT_NAME = "$(TARGET_NAME)";
				SWIFT_VERSION = 3.0;
			};
			name = Release;
		};
/* End XCBuildConfiguration section */

/* Begin XCConfigurationList section */
		F2F9C09D1E59078D0044810C /* Build configuration list for PBXProject "Pokedex3" */ = {
			isa = XCConfigurationList;
			buildConfigurations = (
				F2F9C0B21E59078E0044810C /* Debug */,
				F2F9C0B31E59078E0044810C /* Release */,
			);
			defaultConfigurationIsVisible = 0;
			defaultConfigurationName = Release;
		};
		F2F9C0B41E59078E0044810C /* Build configuration list for PBXNativeTarget "Pokedex3" */ = {
			isa = XCConfigurationList;
			buildConfigurations = (
				F2F9C0B51E59078E0044810C /* Debug */,
				F2F9C0B61E59078E0044810C /* Release */,
			);
			defaultConfigurationIsVisible = 0;
			defaultConfigurationName = Release;
		};
/* End XCConfigurationList section */
	};
	rootObject = F2F9C09A1E59078D0044810C /* Project object */;
}
